
Microsoft Visual Studio Solution File, Format Version 12.00
# Visual Studio Version 17
VisualStudioVersion = 17.9.34728.123
MinimumVisualStudioVersion = 10.0.40219.1
Project("{FAE04EC0-301F-11D3-BF4B-00C04F79EFBC}") = "AndroidX.Work.Testing", "AndroidX.Work.Testing\AndroidX.Work.Testing.csproj", "{900872E6-329C-4FAF-A35C-B11F452051E1}"
EndProject
Project("{9A19103F-16F7-4668-BE54-9A1E7A4F7556}") = "AndroidX.Work.Testing.UnitTests", "AndroidX.Work.Testing.UnitTest\AndroidX.Work.Testing.UnitTests.csproj", "{45B8E4B7-4B6A-4EAC-B921-068BE2204F41}"
EndProject
Global
	GlobalSection(SolutionConfigurationPlatforms) = preSolution
		Debug|Any CPU = Debug|Any CPU
		Release|Any CPU = Release|Any CPU
	EndGlobalSection
	GlobalSection(ProjectConfigurationPlatforms) = postSolution
		{900872E6-329C-4FAF-A35C-B11F452051E1}.Debug|Any CPU.ActiveCfg = Debug|Any CPU
		{900872E6-329C-4FAF-A35C-B11F452051E1}.Debug|Any CPU.Build.0 = Debug|Any CPU
		{900872E6-329C-4FAF-A35C-B11F452051E1}.Release|Any CPU.ActiveCfg = Release|Any CPU
		{900872E6-329C-4FAF-A35C-B11F452051E1}.Release|Any CPU.Build.0 = Release|Any CPU
		{45B8E4B7-4B6A-4EAC-B921-068BE2204F41}.Debug|Any CPU.ActiveCfg = Debug|Any CPU
		{45B8E4B7-4B6A-4EAC-B921-068BE2204F41}.Debug|Any CPU.Build.0 = Debug|Any CPU
		{45B8E4B7-4B6A-4EAC-B921-068BE2204F41}.Debug|Any CPU.Deploy.0 = Debug|Any CPU
		{45B8E4B7-4B6A-4EAC-B921-068BE2204F41}.Release|Any CPU.ActiveCfg = Release|Any CPU
		{45B8E4B7-4B6A-4EAC-B921-068BE2204F41}.Release|Any CPU.Build.0 = Release|Any CPU
		{45B8E4B7-4B6A-4EAC-B921-068BE2204F41}.Release|Any CPU.Deploy.0 = Release|Any CPU
	EndGlobalSection
	GlobalSection(SolutionProperties) = preSolution
		HideSolutionNode = FALSE
	EndGlobalSection
	GlobalSection(ExtensibilityGlobals) = postSolution
		SolutionGuid = {16E7C639-92C2-4C1D-9E4C-88E68020BC06}
	EndGlobalSection
EndGlobal
